
Microsoft Visual Studio Solution File, Format Version 11.00
# Visual Studio 2010
Project("{FAE04EC0-301F-11D3-BF4B-00C04F79EFBC}") = "Assembly-CSharp", "Assembly-CSharp.csproj", "{C40D9583-21C5-A2F0-FFC9-A2A64C125CF8}"
EndProject
Project("{FAE04EC0-301F-11D3-BF4B-00C04F79EFBC}") = "AstarPathfindingProject", "AstarPathfindingProject.csproj", "{B4E02D1B-8D43-6C38-3979-58E6DCAE7E0F}"
EndProject
Project("{FAE04EC0-301F-11D3-BF4B-00C04F79EFBC}") = "AstarPathfindingProjectEditor", "AstarPathfindingProjectEditor.csproj", "{33455176-B037-D224-943F-8CB572E63ABF}"
EndProject
Project("{FAE04EC0-301F-11D3-BF4B-00C04F79EFBC}") = "PackageToolsEditor", "PackageToolsEditor.csproj", "{A46C68E2-E4A3-75D2-EFB2-F7B34CB77A24}"
EndProject
Project("{FAE04EC0-301F-11D3-BF4B-00C04F79EFBC}") = "Assembly-CSharp-Editor", "Assembly-CSharp-Editor.csproj", "{255B08F3-B5D2-B755-7E4C-BCA3232238E4}"
EndProject
Global
	GlobalSection(SolutionConfigurationPlatforms) = preSolution
		Debug|Any CPU = Debug|Any CPU
		Release|Any CPU = Release|Any CPU
	EndGlobalSection
	GlobalSection(ProjectConfigurationPlatforms) = postSolution
		{C40D9583-21C5-A2F0-FFC9-A2A64C125CF8}.Debug|Any CPU.ActiveCfg = Debug|Any CPU
		{C40D9583-21C5-A2F0-FFC9-A2A64C125CF8}.Debug|Any CPU.Build.0 = Debug|Any CPU
		{C40D9583-21C5-A2F0-FFC9-A2A64C125CF8}.Release|Any CPU.ActiveCfg = Release|Any CPU
		{C40D9583-21C5-A2F0-FFC9-A2A64C125CF8}.Release|Any CPU.Build.0 = Release|Any CPU
		{B4E02D1B-8D43-6C38-3979-58E6DCAE7E0F}.Debug|Any CPU.ActiveCfg = Debug|Any CPU
		{B4E02D1B-8D43-6C38-3979-58E6DCAE7E0F}.Debug|Any CPU.Build.0 = Debug|Any CPU
		{B4E02D1B-8D43-6C38-3979-58E6DCAE7E0F}.Release|Any CPU.ActiveCfg = Release|Any CPU
		{B4E02D1B-8D43-6C38-3979-58E6DCAE7E0F}.Release|Any CPU.Build.0 = Release|Any CPU
		{33455176-B037-D224-943F-8CB572E63ABF}.Debug|Any CPU.ActiveCfg = Debug|Any CPU
		{33455176-B037-D224-943F-8CB572E63ABF}.Debug|Any CPU.Build.0 = Debug|Any CPU
		{33455176-B037-D224-943F-8CB572E63ABF}.Release|Any CPU.ActiveCfg = Release|Any CPU
		{33455176-B037-D224-943F-8CB572E63ABF}.Release|Any CPU.Build.0 = Release|Any CPU
		{A46C68E2-E4A3-75D2-EFB2-F7B34CB77A24}.Debug|Any CPU.ActiveCfg = Debug|Any CPU
		{A46C68E2-E4A3-75D2-EFB2-F7B34CB77A24}.Debug|Any CPU.Build.0 = Debug|Any CPU
		{A46C68E2-E4A3-75D2-EFB2-F7B34CB77A24}.Release|Any CPU.ActiveCfg = Release|Any CPU
		{A46C68E2-E4A3-75D2-EFB2-F7B34CB77A24}.Release|Any CPU.Build.0 = Release|Any CPU
		{255B08F3-B5D2-B755-7E4C-BCA3232238E4}.Debug|Any CPU.ActiveCfg = Debug|Any CPU
		{255B08F3-B5D2-B755-7E4C-BCA3232238E4}.Debug|Any CPU.Build.0 = Debug|Any CPU
		{255B08F3-B5D2-B755-7E4C-BCA3232238E4}.Release|Any CPU.ActiveCfg = Release|Any CPU
		{255B08F3-B5D2-B755-7E4C-BCA3232238E4}.Release|Any CPU.Build.0 = Release|Any CPU
	EndGlobalSection
	GlobalSection(SolutionProperties) = preSolution
		HideSolutionNode = FALSE
	EndGlobalSection
	GlobalSection(MonoDevelopProperties) = preSolution
		StartupItem = Assembly-CSharp.csproj
	EndGlobalSection
EndGlobal
